// !$*UTF8*$!
{
	archiveVersion = 1;
	classes = {
	};
	objectVersion = 50;
	objects = {

/* Begin PBXBuildFile section */
		D276E4C920CFB14500E26FD8 /* AppDelegate.swift in Sources */ = {isa = PBXBuildFile; fileRef = D276E4C820CFB14500E26FD8 /* AppDelegate.swift */; };
		D276E4CB20CFB14500E26FD8 /* ViewController.swift in Sources */ = {isa = PBXBuildFile; fileRef = D276E4CA20CFB14500E26FD8 /* ViewController.swift */; };
		D276E4CE20CFB14500E26FD8 /* Main.storyboard in Resources */ = {isa = PBXBuildFile; fileRef = D276E4CC20CFB14500E26FD8 /* Main.storyboard */; };
		D276E4D020CFB14600E26FD8 /* Assets.xcassets in Resources */ = {isa = PBXBuildFile; fileRef = D276E4CF20CFB14600E26FD8 /* Assets.xcassets */; };
		D276E4D320CFB14600E26FD8 /* LaunchScreen.storyboard in Resources */ = {isa = PBXBuildFile; fileRef = D276E4D120CFB14600E26FD8 /* LaunchScreen.storyboard */; };
		D276E4F120CFB35100E26FD8 /* TrackingLogger.swift in Sources */ = {isa = PBXBuildFile; fileRef = D276E4EE20CFB35100E26FD8 /* TrackingLogger.swift */; };
		D276E4F220CFB35100E26FD8 /* DetailViewController.swift in Sources */ = {isa = PBXBuildFile; fileRef = D276E4EF20CFB35100E26FD8 /* DetailViewController.swift */; };
		D276E4F320CFB35100E26FD8 /* Logger.swift in Sources */ = {isa = PBXBuildFile; fileRef = D276E4F020CFB35100E26FD8 /* Logger.swift */; };
		D276E51720CFB86300E26FD8 /* ScreenTracker.framework in Frameworks */ = {isa = PBXBuildFile; fileRef = D276E51620CFB86300E26FD8 /* ScreenTracker.framework */; };
/* End PBXBuildFile section */

/* Begin PBXFileReference section */
		D276E4C520CFB14500E26FD8 /* iOS-ScreenTrackerExample.app */ = {isa = PBXFileReference; explicitFileType = wrapper.application; includeInIndex = 0; path = "iOS-ScreenTrackerExample.app"; sourceTree = BUILT_PRODUCTS_DIR; };
		D276E4C820CFB14500E26FD8 /* AppDelegate.swift */ = {isa = PBXFileReference; lastKnownFileType = sourcecode.swift; path = AppDelegate.swift; sourceTree = "<group>"; };
		D276E4CA20CFB14500E26FD8 /* ViewController.swift */ = {isa = PBXFileReference; lastKnownFileType = sourcecode.swift; path = ViewController.swift; sourceTree = "<group>"; };
		D276E4CD20CFB14500E26FD8 /* Base */ = {isa = PBXFileReference; lastKnownFileType = file.storyboard; name = Base; path = Base.lproj/Main.storyboard; sourceTree = "<group>"; };
		D276E4CF20CFB14600E26FD8 /* Assets.xcassets */ = {isa = PBXFileReference; lastKnownFileType = folder.assetcatalog; path = Assets.xcassets; sourceTree = "<group>"; };
		D276E4D220CFB14600E26FD8 /* Base */ = {isa = PBXFileReference; lastKnownFileType = file.storyboard; name = Base; path = Base.lproj/LaunchScreen.storyboard; sourceTree = "<group>"; };
		D276E4D420CFB14600E26FD8 /* Info.plist */ = {isa = PBXFileReference; lastKnownFileType = text.plist.xml; path = Info.plist; sourceTree = "<group>"; };
		D276E4EE20CFB35100E26FD8 /* TrackingLogger.swift */ = {isa = PBXFileReference; fileEncoding = 4; lastKnownFileType = sourcecode.swift; path = TrackingLogger.swift; sourceTree = "<group>"; };
		D276E4EF20CFB35100E26FD8 /* DetailViewController.swift */ = {isa = PBXFileReference; fileEncoding = 4; lastKnownFileType = sourcecode.swift; path = DetailViewController.swift; sourceTree = "<group>"; };
		D276E4F020CFB35100E26FD8 /* Logger.swift */ = {isa = PBXFileReference; fileEncoding = 4; lastKnownFileType = sourcecode.swift; path = Logger.swift; sourceTree = "<group>"; };
		D276E4FF20CFB57700E26FD8 /* iOS_ScreenTrackerLibrary.framework.dSYM */ = {isa = PBXFileReference; lastKnownFileType = wrapper.dsym; name = iOS_ScreenTrackerLibrary.framework.dSYM; path = Carthage/Build/iOS/iOS_ScreenTrackerLibrary.framework.dSYM; sourceTree = "<group>"; };
		D276E51620CFB86300E26FD8 /* ScreenTracker.framework */ = {isa = PBXFileReference; lastKnownFileType = wrapper.framework; name = ScreenTracker.framework; path = Carthage/Build/iOS/ScreenTracker.framework; sourceTree = "<group>"; };
/* End PBXFileReference section */

/* Begin PBXFrameworksBuildPhase section */
		D276E4C220CFB14500E26FD8 /* Frameworks */ = {
			isa = PBXFrameworksBuildPhase;
			buildActionMask = 2147483647;
			files = (
				D276E51720CFB86300E26FD8 /* ScreenTracker.framework in Frameworks */,
			);
			runOnlyForDeploymentPostprocessing = 0;
		};
/* End PBXFrameworksBuildPhase section */

/* Begin PBXGroup section */
		D276E4BC20CFB14500E26FD8 = {
			isa = PBXGroup;
			children = (
				D276E4C720CFB14500E26FD8 /* iOS-ScreenTrackerExample */,
				D276E4C620CFB14500E26FD8 /* Products */,
				D276E4FD20CFB50600E26FD8 /* Frameworks */,
			);
			sourceTree = "<group>";
		};
		D276E4C620CFB14500E26FD8 /* Products */ = {
			isa = PBXGroup;
			children = (
				D276E4C520CFB14500E26FD8 /* iOS-ScreenTrackerExample.app */,
			);
			name = Products;
			sourceTree = "<group>";
		};
		D276E4C720CFB14500E26FD8 /* iOS-ScreenTrackerExample */ = {
			isa = PBXGroup;
			children = (
				D276E4EF20CFB35100E26FD8 /* DetailViewController.swift */,
				D276E4F020CFB35100E26FD8 /* Logger.swift */,
				D276E4EE20CFB35100E26FD8 /* TrackingLogger.swift */,
				D276E4C820CFB14500E26FD8 /* AppDelegate.swift */,
				D276E4CA20CFB14500E26FD8 /* ViewController.swift */,
				D276E4CC20CFB14500E26FD8 /* Main.storyboard */,
				D276E4CF20CFB14600E26FD8 /* Assets.xcassets */,
				D276E4D120CFB14600E26FD8 /* LaunchScreen.storyboard */,
				D276E4D420CFB14600E26FD8 /* Info.plist */,
			);
			path = "iOS-ScreenTrackerExample";
			sourceTree = "<group>";
		};
		D276E4FD20CFB50600E26FD8 /* Frameworks */ = {
			isa = PBXGroup;
			children = (
				D276E51620CFB86300E26FD8 /* ScreenTracker.framework */,
				D276E4FF20CFB57700E26FD8 /* iOS_ScreenTrackerLibrary.framework.dSYM */,
			);
			name = Frameworks;
			sourceTree = "<group>";
		};
/* End PBXGroup section */

/* Begin PBXNativeTarget section */
		D276E4C420CFB14500E26FD8 /* iOS-ScreenTrackerExample */ = {
			isa = PBXNativeTarget;
			buildConfigurationList = D276E4D720CFB14600E26FD8 /* Build configuration list for PBXNativeTarget "iOS-ScreenTrackerExample" */;
			buildPhases = (
				D276E4C120CFB14500E26FD8 /* Sources */,
				D276E4C220CFB14500E26FD8 /* Frameworks */,
				D276E4C320CFB14500E26FD8 /* Resources */,
				D276E4FC20CFB4E200E26FD8 /* ShellScript */,
			);
			buildRules = (
			);
			dependencies = (
			);
			name = "iOS-ScreenTrackerExample";
			productName = "iOS-ScreenTrackerExample";
			productReference = D276E4C520CFB14500E26FD8 /* iOS-ScreenTrackerExample.app */;
			productType = "com.apple.product-type.application";
		};
/* End PBXNativeTarget section */

/* Begin PBXProject section */
		D276E4BD20CFB14500E26FD8 /* Project object */ = {
			isa = PBXProject;
			attributes = {
				LastSwiftUpdateCheck = 0930;
				LastUpgradeCheck = 0930;
				ORGANIZATIONNAME = roana0229;
				TargetAttributes = {
					D276E4C420CFB14500E26FD8 = {
						CreatedOnToolsVersion = 9.3;
					};
				};
			};
			buildConfigurationList = D276E4C020CFB14500E26FD8 /* Build configuration list for PBXProject "iOS-ScreenTrackerExample" */;
			compatibilityVersion = "Xcode 9.3";
			developmentRegion = en;
			hasScannedForEncodings = 0;
			knownRegions = (
				en,
				Base,
			);
			mainGroup = D276E4BC20CFB14500E26FD8;
			productRefGroup = D276E4C620CFB14500E26FD8 /* Products */;
			projectDirPath = "";
			projectRoot = "";
			targets = (
				D276E4C420CFB14500E26FD8 /* iOS-ScreenTrackerExample */,
			);
		};
/* End PBXProject section */

/* Begin PBXResourcesBuildPhase section */
		D276E4C320CFB14500E26FD8 /* Resources */ = {
			isa = PBXResourcesBuildPhase;
			buildActionMask = 2147483647;
			files = (
				D276E4D320CFB14600E26FD8 /* LaunchScreen.storyboard in Resources */,
				D276E4D020CFB14600E26FD8 /* Assets.xcassets in Resources */,
				D276E4CE20CFB14500E26FD8 /* Main.storyboard in Resources */,
			);
			runOnlyForDeploymentPostprocessing = 0;
		};
/* End PBXResourcesBuildPhase section */

/* Begin PBXShellScriptBuildPhase section */
		D276E4FC20CFB4E200E26FD8 /* ShellScript */ = {
			isa = PBXShellScriptBuildPhase;
			buildActionMask = 2147483647;
			files = (
			);
			inputPaths = (
				"$(SRCROOT)/Carthage/Build/iOS/ScreenTracker.framework",
			);
			outputPaths = (
				"$(BUILT_PRODUCTS_DIR)/$(FRAMEWORKS_FOLDER_PATH)/ScreenTracker.framework",
			);
			runOnlyForDeploymentPostprocessing = 0;
			shellPath = /bin/sh;
			shellScript = "/usr/local/bin/carthage copy-frameworks";
		};
/* End PBXShellScriptBuildPhase section */

/* Begin PBXSourcesBuildPhase section */
		D276E4C120CFB14500E26FD8 /* Sources */ = {
			isa = PBXSourcesBuildPhase;
			buildActionMask = 2147483647;
			files = (
				D276E4F320CFB35100E26FD8 /* Logger.swift in Sources */,
				D276E4CB20CFB14500E26FD8 /* ViewController.swift in Sources */,
				D276E4F120CFB35100E26FD8 /* TrackingLogger.swift in Sources */,
				D276E4C920CFB14500E26FD8 /* AppDelegate.swift in Sources */,
				D276E4F220CFB35100E26FD8 /* DetailViewController.swift in Sources */,
			);
			runOnlyForDeploymentPostprocessing = 0;
		};
/* End PBXSourcesBuildPhase section */

/* Begin PBXVariantGroup section */
		D276E4CC20CFB14500E26FD8 /* Main.storyboard */ = {
			isa = PBXVariantGroup;
			children = (
				D276E4CD20CFB14500E26FD8 /* Base */,
			);
			name = Main.storyboard;
			sourceTree = "<group>";
		};
		D276E4D120CFB14600E26FD8 /* LaunchScreen.storyboard */ = {
			isa = PBXVariantGroup;
			children = (
				D276E4D220CFB14600E26FD8 /* Base */,
			);
			name = LaunchScreen.storyboard;
			sourceTree = "<group>";
		};
/* End PBXVariantGroup section */

/* Begin XCBuildConfiguration section */
		D276E4D520CFB14600E26FD8 /* Debug */ = {
			isa = XCBuildConfiguration;
			buildSettings = {
				ALWAYS_SEARCH_USER_PATHS = NO;
				CLANG_ANALYZER_NONNULL = YES;
				CLANG_ANALYZER_NUMBER_OBJECT_CONVERSION = YES_AGGRESSIVE;
				CLANG_CXX_LANGUAGE_STANDARD = "gnu++14";
				CLANG_CXX_LIBRARY = "libc++";
				CLANG_ENABLE_MODULES = YES;
				CLANG_ENABLE_OBJC_ARC = YES;
				CLANG_ENABLE_OBJC_WEAK = YES;
				CLANG_WARN_BLOCK_CAPTURE_AUTORELEASING = YES;
				CLANG_WARN_BOOL_CONVERSION = YES;
				CLANG_WARN_COMMA = YES;
				CLANG_WARN_CONSTANT_CONVERSION = YES;
				CLANG_WARN_DEPRECATED_OBJC_IMPLEMENTATIONS = YES;
				CLANG_WARN_DIRECT_OBJC_ISA_USAGE = YES_ERROR;
				CLANG_WARN_DOCUMENTATION_COMMENTS = YES;
				CLANG_WARN_EMPTY_BODY = YES;
				CLANG_WARN_ENUM_CONVERSION = YES;
				CLANG_WARN_INFINITE_RECURSION = YES;
				CLANG_WARN_INT_CONVERSION = YES;
				CLANG_WARN_NON_LITERAL_NULL_CONVERSION = YES;
				CLANG_WARN_OBJC_IMPLICIT_RETAIN_SELF = YES;
				CLANG_WARN_OBJC_LITERAL_CONVERSION = YES;
				CLANG_WARN_OBJC_ROOT_CLASS = YES_ERROR;
				CLANG_WARN_RANGE_LOOP_ANALYSIS = YES;
				CLANG_WARN_STRICT_PROTOTYPES = YES;
				CLANG_WARN_SUSPICIOUS_MOVE = YES;
				CLANG_WARN_UNGUARDED_AVAILABILITY = YES_AGGRESSIVE;
				CLANG_WARN_UNREACHABLE_CODE = YES;
				CLANG_WARN__DUPLICATE_METHOD_MATCH = YES;
				CODE_SIGN_IDENTITY = "iPhone Developer";
				COPY_PHASE_STRIP = NO;
				DEBUG_INFORMATION_FORMAT = dwarf;
				ENABLE_STRICT_OBJC_MSGSEND = YES;
				ENABLE_TESTABILITY = YES;
				GCC_C_LANGUAGE_STANDARD = gnu11;
				GCC_DYNAMIC_NO_PIC = NO;
				GCC_NO_COMMON_BLOCKS = YES;
				GCC_OPTIMIZATION_LEVEL = 0;
				GCC_PREPROCESSOR_DEFINITIONS = (
					"DEBUG=1",
					"$(inherited)",
				);
				GCC_WARN_64_TO_32_BIT_CONVERSION = YES;
				GCC_WARN_ABOUT_RETURN_TYPE = YES_ERROR;
				GCC_WARN_UNDECLARED_SELECTOR = YES;
				GCC_WARN_UNINITIALIZED_AUTOS = YES_AGGRESSIVE;
				GCC_WARN_UNUSED_FUNCTION = YES;
				GCC_WARN_UNUSED_VARIABLE = YES;
				IPHONEOS_DEPLOYMENT_TARGET = 11.3;
				MTL_ENABLE_DEBUG_INFO = YES;
				ONLY_ACTIVE_ARCH = YES;
				SDKROOT = iphoneos;
				SWIFT_ACTIVE_COMPILATION_CONDITIONS = DEBUG;
				SWIFT_OPTIMIZATION_LEVEL = "-Onone";
			};
			name = Debug;
		};
		D276E4D620CFB14600E26FD8 /* Release */ = {
			isa = XCBuildConfiguration;
			buildSettings = {
				ALWAYS_SEARCH_USER_PATHS = NO;
				CLANG_ANALYZER_NONNULL = YES;
				CLANG_ANALYZER_NUMBER_OBJECT_CONVERSION = YES_AGGRESSIVE;
				CLANG_CXX_LANGUAGE_STANDARD = "gnu++14";
				CLANG_CXX_LIBRARY = "libc++";
				CLANG_ENABLE_MODULES = YES;
				CLANG_ENABLE_OBJC_ARC = YES;
				CLANG_ENABLE_OBJC_WEAK = YES;
				CLANG_WARN_BLOCK_CAPTURE_AUTORELEASING = YES;
				CLANG_WARN_BOOL_CONVERSION = YES;
				CLANG_WARN_COMMA = YES;
				CLANG_WARN_CONSTANT_CONVERSION = YES;
				CLANG_WARN_DEPRECATED_OBJC_IMPLEMENTATIONS = YES;
				CLANG_WARN_DIRECT_OBJC_ISA_USAGE = YES_ERROR;
				CLANG_WARN_DOCUMENTATION_COMMENTS = YES;
				CLANG_WARN_EMPTY_BODY = YES;
				CLANG_WARN_ENUM_CONVERSION = YES;
				CLANG_WARN_INFINITE_RECURSION = YES;
				CLANG_WARN_INT_CONVERSION = YES;
				CLANG_WARN_NON_LITERAL_NULL_CONVERSION = YES;
				CLANG_WARN_OBJC_IMPLICIT_RETAIN_SELF = YES;
				CLANG_WARN_OBJC_LITERAL_CONVERSION = YES;
				CLANG_WARN_OBJC_ROOT_CLASS = YES_ERROR;
				CLANG_WARN_RANGE_LOOP_ANALYSIS = YES;
				CLANG_WARN_STRICT_PROTOTYPES = YES;
				CLANG_WARN_SUSPICIOUS_MOVE = YES;
				CLANG_WARN_UNGUARDED_AVAILABILITY = YES_AGGRESSIVE;
				CLANG_WARN_UNREACHABLE_CODE = YES;
				CLANG_WARN__DUPLICATE_METHOD_MATCH = YES;
				CODE_SIGN_IDENTITY = "iPhone Developer";
				COPY_PHASE_STRIP = NO;
				DEBUG_INFORMATION_FORMAT = "dwarf-with-dsym";
				ENABLE_NS_ASSERTIONS = NO;
				ENABLE_STRICT_OBJC_MSGSEND = YES;
				GCC_C_LANGUAGE_STANDARD = gnu11;
				GCC_NO_COMMON_BLOCKS = YES;
				GCC_WARN_64_TO_32_BIT_CONVERSION = YES;
				GCC_WARN_ABOUT_RETURN_TYPE = YES_ERROR;
				GCC_WARN_UNDECLARED_SELECTOR = YES;
				GCC_WARN_UNINITIALIZED_AUTOS = YES_AGGRESSIVE;
				GCC_WARN_UNUSED_FUNCTION = YES;
				GCC_WARN_UNUSED_VARIABLE = YES;
				IPHONEOS_DEPLOYMENT_TARGET = 11.3;
				MTL_ENABLE_DEBUG_INFO = NO;
				SDKROOT = iphoneos;
				SWIFT_COMPILATION_MODE = wholemodule;
				SWIFT_OPTIMIZATION_LEVEL = "-O";
				VALIDATE_PRODUCT = YES;
			};
			name = Release;
		};
		D276E4D820CFB14600E26FD8 /* Debug */ = {
			isa = XCBuildConfiguration;
			buildSettings = {
				ASSETCATALOG_COMPILER_APPICON_NAME = AppIcon;
				CODE_SIGN_STYLE = Automatic;
				DEVELOPMENT_TEAM = DP5ZSR4FZH;
				FRAMEWORK_SEARCH_PATHS = (
					"$(inherited)",
					"$(PROJECT_DIR)/Carthage/Build/iOS",
				);
				INFOPLIST_FILE = "iOS-ScreenTrackerExample/Info.plist";
				LD_RUNPATH_SEARCH_PATHS = (
					"$(inherited)",
					"@executable_path/Frameworks",
				);
				PRODUCT_BUNDLE_IDENTIFIER = "org.roana0229.app.iOS-ScreenTracker.iOS-ScreenTrackerExample";
				PRODUCT_NAME = "$(TARGET_NAME)";
				SWIFT_VERSION = 4.0;
				TARGETED_DEVICE_FAMILY = "1,2";
			};
			name = Debug;
		};
		D276E4D920CFB14600E26FD8 /* Release */ = {
			isa = XCBuildConfiguration;
			buildSettings = {
				ASSETCATALOG_COMPILER_APPICON_NAME = AppIcon;
				CODE_SIGN_STYLE = Automatic;
				DEVELOPMENT_TEAM = DP5ZSR4FZH;
				FRAMEWORK_SEARCH_PATHS = (
					"$(inherited)",
					"$(PROJECT_DIR)/Carthage/Build/iOS",
				);
				INFOPLIST_FILE = "iOS-ScreenTrackerExample/Info.plist";
				LD_RUNPATH_SEARCH_PATHS = (
					"$(inherited)",
					"@executable_path/Frameworks",
				);
				PRODUCT_BUNDLE_IDENTIFIER = "org.roana0229.app.iOS-ScreenTracker.iOS-ScreenTrackerExample";
				PRODUCT_NAME = "$(TARGET_NAME)";
				SWIFT_VERSION = 4.0;
				TARGETED_DEVICE_FAMILY = "1,2";
			};
			name = Release;
		};
/* End XCBuildConfiguration section */

/* Begin XCConfigurationList section */
		D276E4C020CFB14500E26FD8 /* Build configuration list for PBXProject "iOS-ScreenTrackerExample" */ = {
			isa = XCConfigurationList;
			buildConfigurations = (
				D276E4D520CFB14600E26FD8 /* Debug */,
				D276E4D620CFB14600E26FD8 /* Release */,
			);
			defaultConfigurationIsVisible = 0;
			defaultConfigurationName = Release;
		};
		D276E4D720CFB14600E26FD8 /* Build configuration list for PBXNativeTarget "iOS-ScreenTrackerExample" */ = {
			isa = XCConfigurationList;
			buildConfigurations = (
				D276E4D820CFB14600E26FD8 /* Debug */,
				D276E4D920CFB14600E26FD8 /* Release */,
			);
			defaultConfigurationIsVisible = 0;
			defaultConfigurationName = Release;
		};
/* End XCConfigurationList section */
	};
	rootObject = D276E4BD20CFB14500E26FD8 /* Project object */;
}
